lockfileVersion: 5.3

specifiers:
  '@rollup/plugin-commonjs': ^21.0.1
  '@rollup/plugin-node-resolve': ^13.1.1
  dayjs: ^1.10.7
  rollup: ^2.61.1

dependencies:
  '@rollup/plugin-commonjs': registry.npmjs.org/@rollup/plugin-commonjs/21.0.1_rollup@2.61.1
  '@rollup/plugin-node-resolve': registry.npmjs.org/@rollup/plugin-node-resolve/13.1.1_rollup@2.61.1
  dayjs: registry.npmjs.org/dayjs/1.10.7

devDependencies:
  rollup: registry.npmjs.org/rollup/2.61.1

packages:

  registry.npmjs.org/@rollup/plugin-commonjs/21.0.1_rollup@2.61.1:
    resolution: {integrity: sha512-EA+g22lbNJ8p5kuZJUYyhhDK7WgJckW5g4pNN7n4mAFUM96VuwUnNT3xr2Db2iCZPI1pJPbGyfT5mS9T1dHfMg==, registry: https://registry.yarnpkg.com/, tarball: https://registry.npmjs.org/@rollup/plugin-commonjs/-/plugin-commonjs-21.0.1.tgz}
    id: registry.npmjs.org/@rollup/plugin-commonjs/21.0.1
    name: '@rollup/plugin-commonjs'
    version: 21.0.1
    engines: {node: '>= 8.0.0'}
    peerDependencies:
      rollup: ^2.38.3
    dependencies:
      '@rollup/pluginutils': registry.npmjs.org/@rollup/pluginutils/3.1.0_rollup@2.61.1
      commondir: registry.npmjs.org/commondir/1.0.1
      estree-walker: registry.npmjs.org/estree-walker/2.0.2
      glob: registry.npmjs.org/glob/7.2.0
      is-reference: registry.npmjs.org/is-reference/1.2.1
      magic-string: registry.npmjs.org/magic-string/0.25.7
      resolve: registry.npmjs.org/resolve/1.20.0
      rollup: registry.npmjs.org/rollup/2.61.1
    dev: false

  registry.npmjs.org/@rollup/plugin-node-resolve/13.1.1_rollup@2.61.1:
    resolution: {integrity: sha512-6QKtRevXLrmEig9UiMYt2fSvee9TyltGRfw+qSs6xjUnxwjOzTOqy+/Lpxsgjb8mJn1EQNbCDAvt89O4uzL5kw==, registry: https://registry.yarnpkg.com/, tarball: https://registry.npmjs.org/@rollup/plugin-node-resolve/-/plugin-node-resolve-13.1.1.tgz}
    id: registry.npmjs.org/@rollup/plugin-node-resolve/13.1.1
    name: '@rollup/plugin-node-resolve'
    version: 13.1.1
    engines: {node: '>= 10.0.0'}
    peerDependencies:
      rollup: ^2.42.0
    dependencies:
      '@rollup/pluginutils': registry.npmjs.org/@rollup/pluginutils/3.1.0_rollup@2.61.1
      '@types/resolve': registry.npmjs.org/@types/resolve/1.17.1
      builtin-modules: registry.npmjs.org/builtin-modules/3.2.0
      deepmerge: registry.npmjs.org/deepmerge/4.2.2
      is-module: registry.npmjs.org/is-module/1.0.0
      resolve: registry.npmjs.org/resolve/1.20.0
      rollup: registry.npmjs.org/rollup/2.61.1
    dev: false

  registry.npmjs.org/@rollup/pluginutils/3.1.0_rollup@2.61.1:
    resolution: {integrity: sha512-GksZ6pr6TpIjHm8h9lSQ8pi8BE9VeubNT0OMJ3B5uZJ8pz73NPiqOtCog/x2/QzM1ENChPKxMDhiQuRHsqc+lg==, registry: https://registry.yarnpkg.com/, tarball: https://registry.npmjs.org/@rollup/pluginutils/-/pluginutils-3.1.0.tgz}
    id: registry.npmjs.org/@rollup/pluginutils/3.1.0
    name: '@rollup/pluginutils'
    version: 3.1.0
    engines: {node: '>= 8.0.0'}
    peerDependencies:
      rollup: ^1.20.0||^2.0.0
    dependencies:
      '@types/estree': registry.npmjs.org/@types/estree/0.0.39
      estree-walker: registry.npmjs.org/estree-walker/1.0.1
      picomatch: registry.npmjs.org/picomatch/2.3.0
      rollup: registry.npmjs.org/rollup/2.61.1
    dev: false

  registry.npmjs.org/@types/estree/0.0.39:
    resolution: {integrity: sha512-EYNwp3bU+98cpU4lAWYYL7Zz+2gryWH1qbdDTidVd6hkiR6weksdbMadyXKXNPEkQFhXM+hVO9ZygomHXp+AIw==, registry: https://registry.yarnpkg.com/, tarball: https://registry.npmjs.org/@types/estree/-/estree-0.0.39.tgz}
    name: '@types/estree'
    version: 0.0.39
    dev: false

  registry.npmjs.org/@types/estree/0.0.50:
    resolution: {integrity: sha512-C6N5s2ZFtuZRj54k2/zyRhNDjJwwcViAM3Nbm8zjBpbqAdZ00mr0CFxvSKeO8Y/e03WVFLpQMdHYVfUd6SB+Hw==, registry: https://registry.yarnpkg.com/, tarball: https://registry.npmjs.org/@types/estree/-/estree-0.0.50.tgz}
    name: '@types/estree'
    version: 0.0.50
    dev: false

  registry.npmjs.org/@types/node/17.0.4:
    resolution: {integrity: sha512-6xwbrW4JJiJLgF+zNypN5wr2ykM9/jHcL7rQ8fZe2vuftggjzZeRSM4OwRc6Xk8qWjwJ99qVHo/JgOGmomWRog==, registry: https://registry.yarnpkg.com/, tarball: https://registry.npmjs.org/@types/node/-/node-17.0.4.tgz}
    name: '@types/node'
    version: 17.0.4
    dev: false

  registry.npmjs.org/@types/resolve/1.17.1:
    resolution: {integrity: sha512-yy7HuzQhj0dhGpD8RLXSZWEkLsV9ibvxvi6EiJ3bkqLAO1RGo0WbkWQiwpRlSFymTJRz0d3k5LM3kkx8ArDbLw==, registry: https://registry.yarnpkg.com/, tarball: https://registry.npmjs.org/@types/resolve/-/resolve-1.17.1.tgz}
    name: '@types/resolve'
    version: 1.17.1
    dependencies:
      '@types/node': registry.npmjs.org/@types/node/17.0.4
    dev: false

  registry.npmjs.org/balanced-match/1.0.2:
    resolution: {integrity: sha512-3oSeUO0TMV67hN1AmbXsK4yaqU7tjiHlbxRDZOpH0KW9+CeX4bRAaX0Anxt0tx2MrpRpWwQaPwIlISEJhYU5Pw==, registry: https://registry.yarnpkg.com/, tarball: https://registry.npmjs.org/balanced-match/-/balanced-match-1.0.2.tgz}
    name: balanced-match
    version: 1.0.2
    dev: false

  registry.npmjs.org/brace-expansion/1.1.11:
    resolution: {integrity: sha512-iCuPHDFgrHX7H2vEI/5xpz07zSHB00TpugqhmYtVmMO6518mCuRMoOYFldEBl0g187ufozdaHgWKcYFb61qGiA==, registry: https://registry.yarnpkg.com/, tarball: https://registry.npmjs.org/brace-expansion/-/brace-expansion-1.1.11.tgz}
    name: brace-expansion
    version: 1.1.11
    dependencies:
      balanced-match: registry.npmjs.org/balanced-match/1.0.2
      concat-map: registry.npmjs.org/concat-map/0.0.1
    dev: false

  registry.npmjs.org/builtin-modules/3.2.0:
    resolution: {integrity: sha512-lGzLKcioL90C7wMczpkY0n/oART3MbBa8R9OFGE1rJxoVI86u4WAGfEk8Wjv10eKSyTHVGkSo3bvBylCEtk7LA==, registry: https://registry.yarnpkg.com/, tarball: https://registry.npmjs.org/builtin-modules/-/builtin-modules-3.2.0.tgz}
    name: builtin-modules
    version: 3.2.0
    engines: {node: '>=6'}
    dev: false

  registry.npmjs.org/commondir/1.0.1:
    resolution: {integrity: sha1-3dgA2gxmEnOTzKWVDqloo6rxJTs=, registry: https://registry.yarnpkg.com/, tarball: https://registry.npmjs.org/commondir/-/commondir-1.0.1.tgz}
    name: commondir
    version: 1.0.1
    dev: false

  registry.npmjs.org/concat-map/0.0.1:
    resolution: {integrity: sha1-2Klr13/Wjfd5OnMDajug1UBdR3s=, registry: https://registry.yarnpkg.com/, tarball: https://registry.npmjs.org/concat-map/-/concat-map-0.0.1.tgz}
    name: concat-map
    version: 0.0.1
    dev: false

  registry.npmjs.org/dayjs/1.10.7:
    resolution: {integrity: sha512-P6twpd70BcPK34K26uJ1KT3wlhpuOAPoMwJzpsIWUxHZ7wpmbdZL/hQqBDfz7hGurYSa5PhzdhDHtt319hL3ig==, registry: https://registry.yarnpkg.com/, tarball: https://registry.npmjs.org/dayjs/-/dayjs-1.10.7.tgz}
    name: dayjs
    version: 1.10.7
    dev: false

  registry.npmjs.org/deepmerge/4.2.2:
    resolution: {integrity: sha512-FJ3UgI4gIl+PHZm53knsuSFpE+nESMr7M4v9QcgB7S63Kj/6WqMiFQJpBBYz1Pt+66bZpP3Q7Lye0Oo9MPKEdg==, registry: https://registry.yarnpkg.com/, tarball: https://registry.npmjs.org/deepmerge/-/deepmerge-4.2.2.tgz}
    name: deepmerge
    version: 4.2.2
    engines: {node: '>=0.10.0'}
    dev: false

  registry.npmjs.org/estree-walker/1.0.1:
    resolution: {integrity: sha512-1fMXF3YP4pZZVozF8j/ZLfvnR8NSIljt56UhbZ5PeeDmmGHpgpdwQt7ITlGvYaQukCvuBRMLEiKiYC+oeIg4cg==, registry: https://registry.yarnpkg.com/, tarball: https://registry.npmjs.org/estree-walker/-/estree-walker-1.0.1.tgz}
    name: estree-walker
    version: 1.0.1
    dev: false

  registry.npmjs.org/estree-walker/2.0.2:
    resolution: {integrity: sha512-Rfkk/Mp/DL7JVje3u18FxFujQlTNR2q6QfMSMB7AvCBx91NGj/ba3kCfza0f6dVDbw7YlRf/nDrn7pQrCCyQ/w==, registry: https://registry.yarnpkg.com/, tarball: https://registry.npmjs.org/estree-walker/-/estree-walker-2.0.2.tgz}
    name: estree-walker
    version: 2.0.2
    dev: false

  registry.npmjs.org/fs.realpath/1.0.0:
    resolution: {integrity: sha1-FQStJSMVjKpA20onh8sBQRmU6k8=, registry: https://registry.yarnpkg.com/, tarball: https://registry.npmjs.org/fs.realpath/-/fs.realpath-1.0.0.tgz}
    name: fs.realpath
    version: 1.0.0
    dev: false

  registry.npmjs.org/fsevents/2.3.2:
    resolution: {integrity: sha512-xiqMQR4xAeHTuB9uWm+fFRcIOgKBMiOBP+eXiyT7jsgVCq1bkVygt00oASowB7EdtpOHaaPgKt812P9ab+DDKA==, registry: https://registry.yarnpkg.com/, tarball: https://registry.npmjs.org/fsevents/-/fsevents-2.3.2.tgz}
    name: fsevents
    version: 2.3.2
    engines: {node: ^8.16.0 || ^10.6.0 || >=11.0.0}
    os: [darwin]
    requiresBuild: true
    dev: true
    optional: true

  registry.npmjs.org/function-bind/1.1.1:
    resolution: {integrity: sha512-yIovAzMX49sF8Yl58fSCWJ5svSLuaibPxXQJFLmBObTuCr0Mf1KiPopGM9NiFjiYBCbfaa2Fh6breQ6ANVTI0A==, registry: https://registry.yarnpkg.com/, tarball: https://registry.npmjs.org/function-bind/-/function-bind-1.1.1.tgz}
    name: function-bind
    version: 1.1.1
    dev: false

  registry.npmjs.org/glob/7.2.0:
    resolution: {integrity: sha512-lmLf6gtyrPq8tTjSmrO94wBeQbFR3HbLHbuyD69wuyQkImp2hWqMGB47OX65FBkPffO641IP9jWa1z4ivqG26Q==, registry: https://registry.yarnpkg.com/, tarball: https://registry.npmjs.org/glob/-/glob-7.2.0.tgz}
    name: glob
    version: 7.2.0
    dependencies:
      fs.realpath: registry.npmjs.org/fs.realpath/1.0.0
      inflight: registry.npmjs.org/inflight/1.0.6
      inherits: registry.npmjs.org/inherits/2.0.4
      minimatch: registry.npmjs.org/minimatch/3.0.4
      once: registry.npmjs.org/once/1.4.0
      path-is-absolute: registry.npmjs.org/path-is-absolute/1.0.1
    dev: false

  registry.npmjs.org/has/1.0.3:
    resolution: {integrity: sha512-f2dvO0VU6Oej7RkWJGrehjbzMAjFp5/VKPp5tTpWIV4JHHZK1/BxbFRtf/siA2SWTe09caDmVtYYzWEIbBS4zw==, registry: https://registry.yarnpkg.com/, tarball: https://registry.npmjs.org/has/-/has-1.0.3.tgz}
    name: has
    version: 1.0.3
    engines: {node: '>= 0.4.0'}
    dependencies:
      function-bind: registry.npmjs.org/function-bind/1.1.1
    dev: false

  registry.npmjs.org/inflight/1.0.6:
    resolution: {integrity: sha1-Sb1jMdfQLQwJvJEKEHW6gWW1bfk=, registry: https://registry.yarnpkg.com/, tarball: https://registry.npmjs.org/inflight/-/inflight-1.0.6.tgz}
    name: inflight
    version: 1.0.6
    dependencies:
      once: registry.npmjs.org/once/1.4.0
      wrappy: registry.npmjs.org/wrappy/1.0.2
    dev: false

  registry.npmjs.org/inherits/2.0.4:
    resolution: {integrity: sha512-k/vGaX4/Yla3WzyMCvTQOXYeIHvqOKtnqBduzTHpzpQZzAskKMhZ2K+EnBiSM9zGSoIFeMpXKxa4dYeZIQqewQ==, registry: https://registry.yarnpkg.com/, tarball: https://registry.npmjs.org/inherits/-/inherits-2.0.4.tgz}
    name: inherits
    version: 2.0.4
    dev: false

  registry.npmjs.org/is-core-module/2.8.0:
    resolution: {integrity: sha512-vd15qHsaqrRL7dtH6QNuy0ndJmRDrS9HAM1CAiSifNUFv4x1a0CCVsj18hJ1mShxIG6T2i1sO78MkP56r0nYRw==, registry: https://registry.yarnpkg.com/, tarball: https://registry.npmjs.org/is-core-module/-/is-core-module-2.8.0.tgz}
    name: is-core-module
    version: 2.8.0
    dependencies:
      has: registry.npmjs.org/has/1.0.3
    dev: false

  registry.npmjs.org/is-module/1.0.0:
    resolution: {integrity: sha1-Mlj7afeMFNW4FdZkM2tM/7ZEFZE=, registry: https://registry.yarnpkg.com/, tarball: https://registry.npmjs.org/is-module/-/is-module-1.0.0.tgz}
    name: is-module
    version: 1.0.0
    dev: false

  registry.npmjs.org/is-reference/1.2.1:
    resolution: {integrity: sha512-U82MsXXiFIrjCK4otLT+o2NA2Cd2g5MLoOVXUZjIOhLurrRxpEXzI8O0KZHr3IjLvlAH1kTPYSuqer5T9ZVBKQ==, registry: https://registry.yarnpkg.com/, tarball: https://registry.npmjs.org/is-reference/-/is-reference-1.2.1.tgz}
    name: is-reference
    version: 1.2.1
    dependencies:
      '@types/estree': registry.npmjs.org/@types/estree/0.0.50
    dev: false

  registry.npmjs.org/magic-string/0.25.7:
    resolution: {integrity: sha512-4CrMT5DOHTDk4HYDlzmwu4FVCcIYI8gauveasrdCu2IKIFOJ3f0v/8MDGJCDL9oD2ppz/Av1b0Nj345H9M+XIA==, registry: https://registry.yarnpkg.com/, tarball: https://registry.npmjs.org/magic-string/-/magic-string-0.25.7.tgz}
    name: magic-string
    version: 0.25.7
    dependencies:
      sourcemap-codec: registry.npmjs.org/sourcemap-codec/1.4.8
    dev: false

  registry.npmjs.org/minimatch/3.0.4:
    resolution: {integrity: sha512-yJHVQEhyqPLUTgt9B83PXu6W3rx4MvvHvSUvToogpwoGDOUQ+yDrR0HRot+yOCdCO7u4hX3pWft6kWBBcqh0UA==, registry: https://registry.yarnpkg.com/, tarball: https://registry.npmjs.org/minimatch/-/minimatch-3.0.4.tgz}
    name: minimatch
    version: 3.0.4
    dependencies:
      brace-expansion: registry.npmjs.org/brace-expansion/1.1.11
    dev: false

  registry.npmjs.org/once/1.4.0:
    resolution: {integrity: sha1-WDsap3WWHUsROsF9nFC6753Xa9E=, registry: https://registry.yarnpkg.com/, tarball: https://registry.npmjs.org/once/-/once-1.4.0.tgz}
    name: once
    version: 1.4.0
    dependencies:
      wrappy: registry.npmjs.org/wrappy/1.0.2
    dev: false

  registry.npmjs.org/path-is-absolute/1.0.1:
    resolution: {integrity: sha1-F0uSaHNVNP+8es5r9TpanhtcX18=, registry: https://registry.yarnpkg.com/, tarball: https://registry.npmjs.org/path-is-absolute/-/path-is-absolute-1.0.1.tgz}
    name: path-is-absolute
    version: 1.0.1
    engines: {node: '>=0.10.0'}
    dev: false

  registry.npmjs.org/path-parse/1.0.7:
    resolution: {integrity: sha512-LDJzPVEEEPR+y48z93A0Ed0yXb8pAByGWo/k5YYdYgpY2/2EsOsksJrq7lOHxryrVOn1ejG6oAp8ahvOIQD8sw==, registry: https://registry.yarnpkg.com/, tarball: https://registry.npmjs.org/path-parse/-/path-parse-1.0.7.tgz}
    name: path-parse
    version: 1.0.7
    dev: false

  registry.npmjs.org/picomatch/2.3.0:
    resolution: {integrity: sha512-lY1Q/PiJGC2zOv/z391WOTD+Z02bCgsFfvxoXXf6h7kv9o+WmsmzYqrAwY63sNgOxE4xEdq0WyUnXfKeBrSvYw==, registry: https://registry.yarnpkg.com/, tarball: https://registry.npmjs.org/picomatch/-/picomatch-2.3.0.tgz}
    name: picomatch
    version: 2.3.0
    engines: {node: '>=8.6'}
    dev: false

  registry.npmjs.org/resolve/1.20.0:
    resolution: {integrity: sha512-wENBPt4ySzg4ybFQW2TT1zMQucPK95HSh/nq2CFTZVOGut2+pQvSsgtda4d26YrYcr067wjbmzOG8byDPBX63A==, registry: https://registry.yarnpkg.com/, tarball: https://registry.npmjs.org/resolve/-/resolve-1.20.0.tgz}
    name: resolve
    version: 1.20.0
    dependencies:
      is-core-module: registry.npmjs.org/is-core-module/2.8.0
      path-parse: registry.npmjs.org/path-parse/1.0.7
    dev: false

  registry.npmjs.org/rollup/2.61.1:
    resolution: {integrity: sha512-BbTXlEvB8d+XFbK/7E5doIcRtxWPRiqr0eb5vQ0+2paMM04Ye4PZY5nHOQef2ix24l/L0SpLd5hwcH15QHPdvA==, registry: https://registry.yarnpkg.com/, tarball: https://registry.npmjs.org/rollup/-/rollup-2.61.1.tgz}
    name: rollup
    version: 2.61.1
    engines: {node: '>=10.0.0'}
    hasBin: true
    optionalDependencies:
      fsevents: registry.npmjs.org/fsevents/2.3.2
    dev: true

  registry.npmjs.org/sourcemap-codec/1.4.8:
    resolution: {integrity: sha512-9NykojV5Uih4lgo5So5dtw+f0JgJX30KCNI8gwhz2J9A15wD0Ml6tjHKwf6fTSa6fAdVBdZeNOs9eJ71qCk8vA==, registry: https://registry.yarnpkg.com/, tarball: https://registry.npmjs.org/sourcemap-codec/-/sourcemap-codec-1.4.8.tgz}
    name: sourcemap-codec
    version: 1.4.8
    dev: false

  registry.npmjs.org/wrappy/1.0.2:
    resolution: {integrity: sha1-tSQ9jz7BqjXxNkYFvA0QNuMKtp8=, registry: https://registry.yarnpkg.com/, tarball: https://registry.npmjs.org/wrappy/-/wrappy-1.0.2.tgz}
    name: wrappy
    version: 1.0.2
    dev: false
